PODS:
  - AppCenter/Analytics (1.0.1):
    - AppCenter/Core
  - AppCenter/Core (1.0.1)
  - AppCenter/Crashes (1.0.1):
    - AppCenter/Core
  - AppCenter/Push (1.0.1):
    - AppCenter/Core
  - AppCenterReactNativeShared (1.0.1):
    - AppCenter/Core (= 1.0.1)
  - QBImagePickerController (3.4.0)
  - RSKImageCropper (1.6.3)

DEPENDENCIES:
  - AppCenter/Analytics (~> 1.0.1)
  - AppCenter/Crashes (~> 1.0.1)
  - AppCenter/Push (~> 1.0.1)
  - AppCenterReactNativeShared (~> 1.0.1)
  - QBImagePickerController
  - RSKImageCropper

SPEC CHECKSUMS:
  AppCenter: 1d9e08e4ffe7a8eab6e9741a12d27e44074e73a7
  AppCenterReactNativeShared: d7238832c02bd37019083045ed9fa24ba3193779
  QBImagePickerController: d54cf93db6decf26baf6ed3472f336ef35cae022
  RSKImageCropper: 356e36fc58c57c371b5d8b23d603936d6a73df6c

PODFILE CHECKSUM: af7fe853dd368c77f480562af9e832ec4a042bf7

COCOAPODS: 1.3.1
