PODS:
  - AppCenter/Analytics (1.9.0):
    - AppCenter/Core
  - AppCenter/Core (1.9.0)
  - AppCenter/Crashes (1.9.0):
    - AppCenter/Core
  - AppCenter/Push (1.9.0):
    - AppCenter/Core
  - AppCenterReactNativeShared (1.8.1):
    - AppCenter/Core (= 1.9.0)
  - QBImagePickerController (3.4.0)
  - React (0.57.3):
    - React/Core (= 0.57.3)
  - react-native-document-picker (2.1.0):
    - React
  - React/Core (0.57.3):
    - yoga (= 0.57.3.React)
  - React/DevSupport (0.57.3):
    - React/Core
    - React/RCTWebSocket
  - React/fishhook (0.57.3)
  - React/RCTActionSheet (0.57.3):
    - React/Core
  - React/RCTAnimation (0.57.3):
    - React/Core
  - React/RCTBlob (0.57.3):
    - React/Core
  - React/RCTGeolocation (0.57.3):
    - React/Core
  - React/RCTImage (0.57.3):
    - React/Core
    - React/RCTNetwork
  - React/RCTLinkingIOS (0.57.3):
    - React/Core
  - React/RCTNetwork (0.57.3):
    - React/Core
  - React/RCTSettings (0.57.3):
    - React/Core
  - React/RCTText (0.57.3):
    - React/Core
  - React/RCTVibration (0.57.3):
    - React/Core
  - React/RCTWebSocket (0.57.3):
    - React/Core
    - React/fishhook
    - React/RCTBlob
  - RSKImageCropper (2.2.1)
  - yoga (0.57.3.React)

DEPENDENCIES:
  - AppCenter/Analytics (~> 1.9.0)
  - AppCenter/Crashes (~> 1.9.0)
  - AppCenter/Push (~> 1.9.0)
  - AppCenterReactNativeShared (~> 1.8.1)
  - QBImagePickerController
  - react-native-document-picker (from `../node_modules/react-native-document-picker`)
  - React/Core (from `../node_modules/react-native`)
  - React/DevSupport (from `../node_modules/react-native`)
  - React/RCTActionSheet (from `../node_modules/react-native`)
  - React/RCTAnimation (from `../node_modules/react-native`)
  - React/RCTGeolocation (from `../node_modules/react-native`)
  - React/RCTImage (from `../node_modules/react-native`)
  - React/RCTLinkingIOS (from `../node_modules/react-native`)
  - React/RCTNetwork (from `../node_modules/react-native`)
  - React/RCTSettings (from `../node_modules/react-native`)
  - React/RCTText (from `../node_modules/react-native`)
  - React/RCTVibration (from `../node_modules/react-native`)
  - React/RCTWebSocket (from `../node_modules/react-native`)
  - RSKImageCropper
  - yoga (from `../node_modules/react-native/ReactCommon/yoga`)

SPEC REPOS:
  https://github.com/cocoapods/specs.git:
    - AppCenter
    - AppCenterReactNativeShared
    - QBImagePickerController
    - RSKImageCropper

EXTERNAL SOURCES:
  React:
    :path: "../node_modules/react-native"
  react-native-document-picker:
    :path: "../node_modules/react-native-document-picker"
  yoga:
    :path: "../node_modules/react-native/ReactCommon/yoga"

SPEC CHECKSUMS:
  AppCenter: 3cf7b9387549e9703dab068793e404013e8c0cc1
  AppCenterReactNativeShared: 3d804f256b964e040d902d1a215d7866fedae55d
  QBImagePickerController: d54cf93db6decf26baf6ed3472f336ef35cae022
  React: 1fe0eb13d90b625d94c3b117c274dcfd2e760e11
  react-native-document-picker: e7934f6a3c898a1b62fa68b1f09371beef6ac51a
  RSKImageCropper: 98296ad26b41753f796b6898d015509598f13d97
  yoga: b1ce48b6cf950b98deae82838f5173ea7cf89e85

PODFILE CHECKSUM: 534719ba1b0540409a93b62bb8326c7a38879af1

COCOAPODS: 1.5.3
