PODS:
  - AppCenter/Analytics (1.9.0):
    - AppCenter/Core
  - AppCenter/Core (1.9.0)
  - AppCenter/Crashes (1.9.0):
    - AppCenter/Core
  - AppCenter/Push (1.9.0):
    - AppCenter/Core
  - AppCenterReactNativeShared (1.8.1):
    - AppCenter/Core (= 1.9.0)
  - QBImagePickerController (3.4.0)
  - React (0.57.3):
    - React/Core (= 0.57.3)
  - react-native-document-picker (2.1.0):
    - React
  - React/Core (0.57.3):
    - yoga (= 0.57.3.React)
  - React/DevSupport (0.57.3):
    - React/Core
    - React/RCTWebSocket
  - React/fishhook (0.57.3)
  - React/RCTActionSheet (0.57.3):
    - React/Core
  - React/RCTAnimation (0.57.3):
    - React/Core
  - React/RCTBlob (0.57.3):
    - React/Core
  - React/RCTGeolocation (0.57.3):
    - React/Core
  - React/RCTImage (0.57.3):
    - React/Core
    - React/RCTNetwork
  - React/RCTLinkingIOS (0.57.3):
    - React/Core
  - React/RCTNetwork (0.57.3):
    - React/Core
  - React/RCTSettings (0.57.3):
    - React/Core
  - React/RCTText (0.57.3):
    - React/Core
  - React/RCTVibration (0.57.3):
    - React/Core
  - React/RCTWebSocket (0.57.3):
    - React/Core
    - React/fishhook
    - React/RCTBlob
  - RSKImageCropper (2.2.1)
  - yoga (0.57.3.React)

DEPENDENCIES:
  - AppCenter/Analytics (~> 1.9.0)
  - AppCenter/Crashes (~> 1.9.0)
  - AppCenter/Push (~> 1.9.0)
  - AppCenterReactNativeShared (~> 1.8.1)
  - QBImagePickerController
  - react-native-document-picker (from `../node_modules/react-native-document-picker`)
  - React/Core (from `../node_modules/react-native`)
  - React/DevSupport (from `../node_modules/react-native`)
  - React/RCTActionSheet (from `../node_modules/react-native`)
  - React/RCTAnimation (from `../node_modules/react-native`)
  - React/RCTGeolocation (from `../node_modules/react-native`)
  - React/RCTImage (from `../node_modules/react-native`)
  - React/RCTLinkingIOS (from `../node_modules/react-native`)
  - React/RCTNetwork (from `../node_modules/react-native`)
  - React/RCTSettings (from `../node_modules/react-native`)
  - React/RCTText (from `../node_modules/react-native`)
  - React/RCTVibration (from `../node_modules/react-native`)
  - React/RCTWebSocket (from `../node_modules/react-native`)
  - RSKImageCropper
  - yoga (from `../node_modules/react-native/ReactCommon/yoga`)

SPEC REPOS:
  https://github.com/cocoapods/specs.git:
    - AppCenter
    - AppCenterReactNativeShared
    - QBImagePickerController
    - RSKImageCropper

EXTERNAL SOURCES:
  React:
    :path: "../node_modules/react-native"
  react-native-document-picker:
    :path: "../node_modules/react-native-document-picker"
  yoga:
    :path: "../node_modules/react-native/ReactCommon/yoga"

SPEC CHECKSUMS:
  AppCenter: e7d6e10336b098fd8d8c88aab3f31d3adb6d2809
  AppCenterReactNativeShared: 864192ed3eedd79226f1798b179aa04bd862248c
  QBImagePickerController: 146b6b446d9c78c3f99a72b4bc9a3c98e9613be6
  React: c237e42de9c70e5cac6eeb52b4cfd3a0910c1f00
  react-native-document-picker: e7934f6a3c898a1b62fa68b1f09371beef6ac51a
  RSKImageCropper: 456a5185736c723189d27df0de8939d85305891a
  yoga: 55da126afc384965b96bff46652464373b330add

PODFILE CHECKSUM: 5a9c2bd2684320659b007638c7a437b52a07b444

COCOAPODS: 1.5.3
